
Microsoft Visual Studio Solution File, Format Version 12.00
# Visual Studio Version 17
VisualStudioVersion = 17.12.35527.113
MinimumVisualStudioVersion = 10.0.40219.1
Project("{FAE04EC0-301F-11D3-BF4B-00C04F79EFBC}") = "Vista", "Vista.csproj", "{C68262E6-05D4-4970-BDE2-46523EFB7333}"
EndProject
Project("{FAE04EC0-301F-11D3-BF4B-00C04F79EFBC}") = "Negocio", "..\Negocio\Negocio.csproj", "{4D9C73D0-A1EB-4CCB-98DC-73E7AAE2A82B}"
EndProject
Project("{FAE04EC0-301F-11D3-BF4B-00C04F79EFBC}") = "Datos", "..\Datos\Datos.csproj", "{5D6BFB88-0D9C-444B-B5C7-912E6DF02920}"
EndProject
Global
	GlobalSection(SolutionConfigurationPlatforms) = preSolution
		Debug|Any CPU = Debug|Any CPU
		Release|Any CPU = Release|Any CPU
	EndGlobalSection
	GlobalSection(ProjectConfigurationPlatforms) = postSolution
		{C68262E6-05D4-4970-BDE2-46523EFB7333}.Debug|Any CPU.ActiveCfg = Debug|Any CPU
		{C68262E6-05D4-4970-BDE2-46523EFB7333}.Debug|Any CPU.Build.0 = Debug|Any CPU
		{C68262E6-05D4-4970-BDE2-46523EFB7333}.Release|Any CPU.ActiveCfg = Release|Any CPU
		{C68262E6-05D4-4970-BDE2-46523EFB7333}.Release|Any CPU.Build.0 = Release|Any CPU
		{4D9C73D0-A1EB-4CCB-98DC-73E7AAE2A82B}.Debug|Any CPU.ActiveCfg = Debug|Any CPU
		{4D9C73D0-A1EB-4CCB-98DC-73E7AAE2A82B}.Debug|Any CPU.Build.0 = Debug|Any CPU
		{4D9C73D0-A1EB-4CCB-98DC-73E7AAE2A82B}.Release|Any CPU.ActiveCfg = Release|Any CPU
		{4D9C73D0-A1EB-4CCB-98DC-73E7AAE2A82B}.Release|Any CPU.Build.0 = Release|Any CPU
		{5D6BFB88-0D9C-444B-B5C7-912E6DF02920}.Debug|Any CPU.ActiveCfg = Debug|Any CPU
		{5D6BFB88-0D9C-444B-B5C7-912E6DF02920}.Debug|Any CPU.Build.0 = Debug|Any CPU
		{5D6BFB88-0D9C-444B-B5C7-912E6DF02920}.Release|Any CPU.ActiveCfg = Release|Any CPU
		{5D6BFB88-0D9C-444B-B5C7-912E6DF02920}.Release|Any CPU.Build.0 = Release|Any CPU
	EndGlobalSection
	GlobalSection(SolutionProperties) = preSolution
		HideSolutionNode = FALSE
	EndGlobalSection
EndGlobal
